
Microsoft Visual Studio Solution File, Format Version 12.00
# Visual Studio Version 17
VisualStudioVersion = 17.11.35431.28
MinimumVisualStudioVersion = 10.0.40219.1
Project("{FAE04EC0-301F-11D3-BF4B-00C04F79EFBC}") = "Model", "Model.csproj", "{E53FD5AA-2AC8-4B20-ABDA-BC2DF1538803}"
EndProject
Global
	GlobalSection(SolutionConfigurationPlatforms) = preSolution
		Debug|Any CPU = Debug|Any CPU
		Release|Any CPU = Release|Any CPU
	EndGlobalSection
	GlobalSection(ProjectConfigurationPlatforms) = postSolution
		{E53FD5AA-2AC8-4B20-ABDA-BC2DF1538803}.Debug|Any CPU.ActiveCfg = Debug|Any CPU
		{E53FD5AA-2AC8-4B20-ABDA-BC2DF1538803}.Debug|Any CPU.Build.0 = Debug|Any CPU
		{E53FD5AA-2AC8-4B20-ABDA-BC2DF1538803}.Release|Any CPU.ActiveCfg = Release|Any CPU
		{E53FD5AA-2AC8-4B20-ABDA-BC2DF1538803}.Release|Any CPU.Build.0 = Release|Any CPU
	EndGlobalSection
	GlobalSection(SolutionProperties) = preSolution
		HideSolutionNode = FALSE
	EndGlobalSection
	GlobalSection(ExtensibilityGlobals) = postSolution
		SolutionGuid = {7E0C33E2-0FF0-481A-B136-C821BDCA2D20}
	EndGlobalSection
EndGlobal
